
Microsoft Visual Studio Solution File, Format Version 12.00
# Visual Studio Version 16
VisualStudioVersion = 16.0.30517.126
MinimumVisualStudioVersion = 10.0.40219.1
Project("{2150E333-8FDC-42A3-9474-1A3956D46DE8}") = "Src", "Src", "{0603A95F-CD57-4AD2-9E1E-BEA3B2A38A5D}"
EndProject
Project("{2150E333-8FDC-42A3-9474-1A3956D46DE8}") = "Core", "Core", "{6634FCC4-0873-4F4E-80A4-584BCA7643E6}"
EndProject
Project("{2150E333-8FDC-42A3-9474-1A3956D46DE8}") = "Infastructure", "Infastructure", "{DE161265-5DC7-4102-8669-6E368E2C9347}"
EndProject
Project("{2150E333-8FDC-42A3-9474-1A3956D46DE8}") = "Presentation", "Presentation", "{97A92371-B270-4385-81CD-3A0F180A49F4}"
EndProject
Project("{FAE04EC0-301F-11D3-BF4B-00C04F79EFBC}") = "Domain", "Domain\Domain.csproj", "{ECF5379A-84C0-4430-A280-63C972A4C8BB}"
EndProject
Project("{FAE04EC0-301F-11D3-BF4B-00C04F79EFBC}") = "Application", "Application\Application.csproj", "{A35BA13E-A92E-4159-B5B8-991C556C269B}"
EndProject
Project("{FAE04EC0-301F-11D3-BF4B-00C04F79EFBC}") = "Persistence", "Persistence\Persistence.csproj", "{7FFBBB74-A805-4D24-B122-D43117E11D4A}"
EndProject
Project("{FAE04EC0-301F-11D3-BF4B-00C04F79EFBC}") = "WebAPI", "WebAPI\WebAPI.csproj", "{B9AA151C-09A6-4573-B803-09E07FBC028F}"
EndProject
Global
	GlobalSection(SolutionConfigurationPlatforms) = preSolution
		Debug|Any CPU = Debug|Any CPU
		Release|Any CPU = Release|Any CPU
	EndGlobalSection
	GlobalSection(ProjectConfigurationPlatforms) = postSolution
		{ECF5379A-84C0-4430-A280-63C972A4C8BB}.Debug|Any CPU.ActiveCfg = Debug|Any CPU
		{ECF5379A-84C0-4430-A280-63C972A4C8BB}.Debug|Any CPU.Build.0 = Debug|Any CPU
		{ECF5379A-84C0-4430-A280-63C972A4C8BB}.Release|Any CPU.ActiveCfg = Release|Any CPU
		{ECF5379A-84C0-4430-A280-63C972A4C8BB}.Release|Any CPU.Build.0 = Release|Any CPU
		{A35BA13E-A92E-4159-B5B8-991C556C269B}.Debug|Any CPU.ActiveCfg = Debug|Any CPU
		{A35BA13E-A92E-4159-B5B8-991C556C269B}.Debug|Any CPU.Build.0 = Debug|Any CPU
		{A35BA13E-A92E-4159-B5B8-991C556C269B}.Release|Any CPU.ActiveCfg = Release|Any CPU
		{A35BA13E-A92E-4159-B5B8-991C556C269B}.Release|Any CPU.Build.0 = Release|Any CPU
		{7FFBBB74-A805-4D24-B122-D43117E11D4A}.Debug|Any CPU.ActiveCfg = Debug|Any CPU
		{7FFBBB74-A805-4D24-B122-D43117E11D4A}.Debug|Any CPU.Build.0 = Debug|Any CPU
		{7FFBBB74-A805-4D24-B122-D43117E11D4A}.Release|Any CPU.ActiveCfg = Release|Any CPU
		{7FFBBB74-A805-4D24-B122-D43117E11D4A}.Release|Any CPU.Build.0 = Release|Any CPU
		{B9AA151C-09A6-4573-B803-09E07FBC028F}.Debug|Any CPU.ActiveCfg = Debug|Any CPU
		{B9AA151C-09A6-4573-B803-09E07FBC028F}.Debug|Any CPU.Build.0 = Debug|Any CPU
		{B9AA151C-09A6-4573-B803-09E07FBC028F}.Release|Any CPU.ActiveCfg = Release|Any CPU
		{B9AA151C-09A6-4573-B803-09E07FBC028F}.Release|Any CPU.Build.0 = Release|Any CPU
	EndGlobalSection
	GlobalSection(SolutionProperties) = preSolution
		HideSolutionNode = FALSE
	EndGlobalSection
	GlobalSection(NestedProjects) = preSolution
		{6634FCC4-0873-4F4E-80A4-584BCA7643E6} = {0603A95F-CD57-4AD2-9E1E-BEA3B2A38A5D}
		{DE161265-5DC7-4102-8669-6E368E2C9347} = {0603A95F-CD57-4AD2-9E1E-BEA3B2A38A5D}
		{97A92371-B270-4385-81CD-3A0F180A49F4} = {0603A95F-CD57-4AD2-9E1E-BEA3B2A38A5D}
		{ECF5379A-84C0-4430-A280-63C972A4C8BB} = {6634FCC4-0873-4F4E-80A4-584BCA7643E6}
		{A35BA13E-A92E-4159-B5B8-991C556C269B} = {6634FCC4-0873-4F4E-80A4-584BCA7643E6}
		{7FFBBB74-A805-4D24-B122-D43117E11D4A} = {DE161265-5DC7-4102-8669-6E368E2C9347}
		{B9AA151C-09A6-4573-B803-09E07FBC028F} = {97A92371-B270-4385-81CD-3A0F180A49F4}
	EndGlobalSection
	GlobalSection(ExtensibilityGlobals) = postSolution
		SolutionGuid = {03DDE173-2527-4B81-9BE1-FE2BFD13810F}
	EndGlobalSection
EndGlobal
